
Microsoft Visual Studio Solution File, Format Version 12.00
# Visual Studio Version 17
VisualStudioVersion = 17.6.33815.320
MinimumVisualStudioVersion = 10.0.40219.1
Project("{FAE04EC0-301F-11D3-BF4B-00C04F79EFBC}") = "ConsultorioWeb", "ConsultorioWeb.csproj", "{249F274B-FA6B-4912-AA25-59FA7F8B5A60}"
EndProject
Global
	GlobalSection(SolutionConfigurationPlatforms) = preSolution
		Debug|Any CPU = Debug|Any CPU
		Release|Any CPU = Release|Any CPU
	EndGlobalSection
	GlobalSection(ProjectConfigurationPlatforms) = postSolution
		{249F274B-FA6B-4912-AA25-59FA7F8B5A60}.Debug|Any CPU.ActiveCfg = Debug|Any CPU
		{249F274B-FA6B-4912-AA25-59FA7F8B5A60}.Debug|Any CPU.Build.0 = Debug|Any CPU
		{249F274B-FA6B-4912-AA25-59FA7F8B5A60}.Release|Any CPU.ActiveCfg = Release|Any CPU
		{249F274B-FA6B-4912-AA25-59FA7F8B5A60}.Release|Any CPU.Build.0 = Release|Any CPU
	EndGlobalSection
	GlobalSection(SolutionProperties) = preSolution
		HideSolutionNode = FALSE
	EndGlobalSection
	GlobalSection(ExtensibilityGlobals) = postSolution
		SolutionGuid = {55FF8DF3-8CF1-4CFD-8A89-713D3E707FFC}
	EndGlobalSection
EndGlobal
